
Microsoft Visual Studio Solution File, Format Version 12.00
# Visual Studio 14
VisualStudioVersion = 14.0.25420.1
MinimumVisualStudioVersion = 10.0.40219.1
Project("{FAE04EC0-301F-11D3-BF4B-00C04F79EFBC}") = "SpecflowTests", "SpecflowTests\SpecflowTests.csproj", "{C6ACBFCB-DA22-4D50-BC36-301A0649C2C8}"
EndProject
Project("{FAE04EC0-301F-11D3-BF4B-00C04F79EFBC}") = "ElectronicReaderLibrary", "ElectronicReaderLibrary\ElectronicReaderLibrary.csproj", "{6B324C1D-F749-44FF-981D-5AF809732261}"
EndProject
Global
	GlobalSection(SolutionConfigurationPlatforms) = preSolution
		Debug|Any CPU = Debug|Any CPU
		Release|Any CPU = Release|Any CPU
	EndGlobalSection
	GlobalSection(ProjectConfigurationPlatforms) = postSolution
		{C6ACBFCB-DA22-4D50-BC36-301A0649C2C8}.Debug|Any CPU.ActiveCfg = Debug|Any CPU
		{C6ACBFCB-DA22-4D50-BC36-301A0649C2C8}.Debug|Any CPU.Build.0 = Debug|Any CPU
		{C6ACBFCB-DA22-4D50-BC36-301A0649C2C8}.Release|Any CPU.ActiveCfg = Release|Any CPU
		{C6ACBFCB-DA22-4D50-BC36-301A0649C2C8}.Release|Any CPU.Build.0 = Release|Any CPU
		{6B324C1D-F749-44FF-981D-5AF809732261}.Debug|Any CPU.ActiveCfg = Debug|Any CPU
		{6B324C1D-F749-44FF-981D-5AF809732261}.Debug|Any CPU.Build.0 = Debug|Any CPU
		{6B324C1D-F749-44FF-981D-5AF809732261}.Release|Any CPU.ActiveCfg = Release|Any CPU
		{6B324C1D-F749-44FF-981D-5AF809732261}.Release|Any CPU.Build.0 = Release|Any CPU
	EndGlobalSection
	GlobalSection(SolutionProperties) = preSolution
		HideSolutionNode = FALSE
	EndGlobalSection
EndGlobal
